
Microsoft Visual Studio Solution File, Format Version 12.00
# Visual Studio Version 16
VisualStudioVersion = 16.0.31702.278
MinimumVisualStudioVersion = 10.0.40219.1
Project("{FAE04EC0-301F-11D3-BF4B-00C04F79EFBC}") = "Herencia", "Herencia\Herencia.csproj", "{8687CC9A-2B77-49AF-A915-CA53F014D5CA}"
EndProject
Project("{FAE04EC0-301F-11D3-BF4B-00C04F79EFBC}") = "Facultad", "Facultad\Facultad.csproj", "{CA72ECD2-B355-4805-A4CE-C5603DFEBB33}"
EndProject
Project("{FAE04EC0-301F-11D3-BF4B-00C04F79EFBC}") = "TadCola", "TadCola\TadCola.csproj", "{D8E2D819-01F5-48C1-A170-851C9D25958C}"
EndProject
Project("{FAE04EC0-301F-11D3-BF4B-00C04F79EFBC}") = "TadPila", "TadPila\TadPila.csproj", "{EC73EC93-3A2A-4534-899C-15E9B7810B0B}"
EndProject
Global
	GlobalSection(SolutionConfigurationPlatforms) = preSolution
		Debug|Any CPU = Debug|Any CPU
		Release|Any CPU = Release|Any CPU
	EndGlobalSection
	GlobalSection(ProjectConfigurationPlatforms) = postSolution
		{8687CC9A-2B77-49AF-A915-CA53F014D5CA}.Debug|Any CPU.ActiveCfg = Debug|Any CPU
		{8687CC9A-2B77-49AF-A915-CA53F014D5CA}.Debug|Any CPU.Build.0 = Debug|Any CPU
		{8687CC9A-2B77-49AF-A915-CA53F014D5CA}.Release|Any CPU.ActiveCfg = Release|Any CPU
		{8687CC9A-2B77-49AF-A915-CA53F014D5CA}.Release|Any CPU.Build.0 = Release|Any CPU
		{CA72ECD2-B355-4805-A4CE-C5603DFEBB33}.Debug|Any CPU.ActiveCfg = Debug|Any CPU
		{CA72ECD2-B355-4805-A4CE-C5603DFEBB33}.Debug|Any CPU.Build.0 = Debug|Any CPU
		{CA72ECD2-B355-4805-A4CE-C5603DFEBB33}.Release|Any CPU.ActiveCfg = Release|Any CPU
		{CA72ECD2-B355-4805-A4CE-C5603DFEBB33}.Release|Any CPU.Build.0 = Release|Any CPU
		{D8E2D819-01F5-48C1-A170-851C9D25958C}.Debug|Any CPU.ActiveCfg = Debug|Any CPU
		{D8E2D819-01F5-48C1-A170-851C9D25958C}.Debug|Any CPU.Build.0 = Debug|Any CPU
		{D8E2D819-01F5-48C1-A170-851C9D25958C}.Release|Any CPU.ActiveCfg = Release|Any CPU
		{D8E2D819-01F5-48C1-A170-851C9D25958C}.Release|Any CPU.Build.0 = Release|Any CPU
		{EC73EC93-3A2A-4534-899C-15E9B7810B0B}.Debug|Any CPU.ActiveCfg = Debug|Any CPU
		{EC73EC93-3A2A-4534-899C-15E9B7810B0B}.Debug|Any CPU.Build.0 = Debug|Any CPU
		{EC73EC93-3A2A-4534-899C-15E9B7810B0B}.Release|Any CPU.ActiveCfg = Release|Any CPU
		{EC73EC93-3A2A-4534-899C-15E9B7810B0B}.Release|Any CPU.Build.0 = Release|Any CPU
	EndGlobalSection
	GlobalSection(SolutionProperties) = preSolution
		HideSolutionNode = FALSE
	EndGlobalSection
	GlobalSection(ExtensibilityGlobals) = postSolution
		SolutionGuid = {E1125C7C-6162-4CEF-B67B-19039291AD2E}
	EndGlobalSection
EndGlobal
